
Microsoft Visual Studio Solution File, Format Version 12.00
# Visual Studio Version 17
VisualStudioVersion = 17.8.34525.116
MinimumVisualStudioVersion = 10.0.40219.1
Project("{FAE04EC0-301F-11D3-BF4B-00C04F79EFBC}") = "IntroductionToKernelMemory", "IntroductionToKernelMemory\IntroductionToKernelMemory.csproj", "{F109FE89-2081-4B22-8057-DE06F37AFD18}"
EndProject
Global
	GlobalSection(SolutionConfigurationPlatforms) = preSolution
		Debug|Any CPU = Debug|Any CPU
		Release|Any CPU = Release|Any CPU
	EndGlobalSection
	GlobalSection(ProjectConfigurationPlatforms) = postSolution
		{F109FE89-2081-4B22-8057-DE06F37AFD18}.Debug|Any CPU.ActiveCfg = Debug|Any CPU
		{F109FE89-2081-4B22-8057-DE06F37AFD18}.Debug|Any CPU.Build.0 = Debug|Any CPU
		{F109FE89-2081-4B22-8057-DE06F37AFD18}.Release|Any CPU.ActiveCfg = Release|Any CPU
		{F109FE89-2081-4B22-8057-DE06F37AFD18}.Release|Any CPU.Build.0 = Release|Any CPU
	EndGlobalSection
	GlobalSection(SolutionProperties) = preSolution
		HideSolutionNode = FALSE
	EndGlobalSection
	GlobalSection(ExtensibilityGlobals) = postSolution
		SolutionGuid = {517D53FA-8111-4D38-AD2C-1D6C2343310A}
	EndGlobalSection
EndGlobal
